
Microsoft Visual Studio Solution File, Format Version 12.00
# Visual Studio Version 17
VisualStudioVersion = 17.11.35327.3
MinimumVisualStudioVersion = 10.0.40219.1
Project("{FAE04EC0-301F-11D3-BF4B-00C04F79EFBC}") = "Tournament_421_SadrievRadisDanisovich", "Tournament_421_SadrievRadisDanisovich\Tournament_421_SadrievRadisDanisovich.csproj", "{A1CF0673-DB2F-4EDC-99D3-E80AFB5DC480}"
EndProject
Global
	GlobalSection(SolutionConfigurationPlatforms) = preSolution
		Debug|Any CPU = Debug|Any CPU
		Release|Any CPU = Release|Any CPU
	EndGlobalSection
	GlobalSection(ProjectConfigurationPlatforms) = postSolution
		{A1CF0673-DB2F-4EDC-99D3-E80AFB5DC480}.Debug|Any CPU.ActiveCfg = Debug|Any CPU
		{A1CF0673-DB2F-4EDC-99D3-E80AFB5DC480}.Debug|Any CPU.Build.0 = Debug|Any CPU
		{A1CF0673-DB2F-4EDC-99D3-E80AFB5DC480}.Release|Any CPU.ActiveCfg = Release|Any CPU
		{A1CF0673-DB2F-4EDC-99D3-E80AFB5DC480}.Release|Any CPU.Build.0 = Release|Any CPU
	EndGlobalSection
	GlobalSection(SolutionProperties) = preSolution
		HideSolutionNode = FALSE
	EndGlobalSection
	GlobalSection(ExtensibilityGlobals) = postSolution
		SolutionGuid = {D0A1F9B2-8B38-4174-86D7-FBCA311F57F8}
	EndGlobalSection
EndGlobal
